
Microsoft Visual Studio Solution File, Format Version 12.00
# Visual Studio 15
VisualStudioVersion = 15.0.26730.16
MinimumVisualStudioVersion = 10.0.40219.1
Project("{FAE04EC0-301F-11D3-BF4B-00C04F79EFBC}") = "ContactManager", "ContactManager\ContactManager.csproj", "{C0A58FBC-6096-4E6B-B688-62717D80B953}"
EndProject
Global
	GlobalSection(SolutionConfigurationPlatforms) = preSolution
		Debug|Any CPU = Debug|Any CPU
		Release|Any CPU = Release|Any CPU
	EndGlobalSection
	GlobalSection(ProjectConfigurationPlatforms) = postSolution
		{C0A58FBC-6096-4E6B-B688-62717D80B953}.Debug|Any CPU.ActiveCfg = Debug|Any CPU
		{C0A58FBC-6096-4E6B-B688-62717D80B953}.Debug|Any CPU.Build.0 = Debug|Any CPU
		{C0A58FBC-6096-4E6B-B688-62717D80B953}.Release|Any CPU.ActiveCfg = Release|Any CPU
		{C0A58FBC-6096-4E6B-B688-62717D80B953}.Release|Any CPU.Build.0 = Release|Any CPU
	EndGlobalSection
	GlobalSection(SolutionProperties) = preSolution
		HideSolutionNode = FALSE
	EndGlobalSection
	GlobalSection(ExtensibilityGlobals) = postSolution
		SolutionGuid = {62CA5FC6-F251-40C5-AE4C-65BD6D476B01}
	EndGlobalSection
EndGlobal
