
Microsoft Visual Studio Solution File, Format Version 12.00
# Visual Studio 15
VisualStudioVersion = 15.0.26730.15
MinimumVisualStudioVersion = 10.0.40219.1
Project("{FAE04EC0-301F-11D3-BF4B-00C04F79EFBC}") = "WebApplication2", "WebApplication2\WebApplication2.csproj", "{30102341-5742-4AA1-A774-BD7C39B6B10B}"
EndProject
Global
	GlobalSection(SolutionConfigurationPlatforms) = preSolution
		Debug|Any CPU = Debug|Any CPU
		Release|Any CPU = Release|Any CPU
	EndGlobalSection
	GlobalSection(ProjectConfigurationPlatforms) = postSolution
		{30102341-5742-4AA1-A774-BD7C39B6B10B}.Debug|Any CPU.ActiveCfg = Debug|Any CPU
		{30102341-5742-4AA1-A774-BD7C39B6B10B}.Debug|Any CPU.Build.0 = Debug|Any CPU
		{30102341-5742-4AA1-A774-BD7C39B6B10B}.Release|Any CPU.ActiveCfg = Release|Any CPU
		{30102341-5742-4AA1-A774-BD7C39B6B10B}.Release|Any CPU.Build.0 = Release|Any CPU
	EndGlobalSection
	GlobalSection(SolutionProperties) = preSolution
		HideSolutionNode = FALSE
	EndGlobalSection
	GlobalSection(ExtensibilityGlobals) = postSolution
		SolutionGuid = {40025745-DE57-405F-8553-065BE29AC169}
	EndGlobalSection
EndGlobal
