
Microsoft Visual Studio Solution File, Format Version 12.00
# Visual Studio 15
VisualStudioVersion = 15.0.26730.16
MinimumVisualStudioVersion = 10.0.40219.1
Project("{FAE04EC0-301F-11D3-BF4B-00C04F79EFBC}") = "MongoDB_ConsoleApp_Advanced", "MongoDB_ConsoleApp_Advanced\MongoDB_ConsoleApp_Advanced.csproj", "{A1A552B2-939A-4CCB-A4FC-BCF3B824B2C8}"
EndProject
Global
	GlobalSection(SolutionConfigurationPlatforms) = preSolution
		Debug|Any CPU = Debug|Any CPU
		Release|Any CPU = Release|Any CPU
	EndGlobalSection
	GlobalSection(ProjectConfigurationPlatforms) = postSolution
		{A1A552B2-939A-4CCB-A4FC-BCF3B824B2C8}.Debug|Any CPU.ActiveCfg = Debug|Any CPU
		{A1A552B2-939A-4CCB-A4FC-BCF3B824B2C8}.Debug|Any CPU.Build.0 = Debug|Any CPU
		{A1A552B2-939A-4CCB-A4FC-BCF3B824B2C8}.Release|Any CPU.ActiveCfg = Release|Any CPU
		{A1A552B2-939A-4CCB-A4FC-BCF3B824B2C8}.Release|Any CPU.Build.0 = Release|Any CPU
	EndGlobalSection
	GlobalSection(SolutionProperties) = preSolution
		HideSolutionNode = FALSE
	EndGlobalSection
	GlobalSection(ExtensibilityGlobals) = postSolution
		SolutionGuid = {A286B89B-565A-4973-AE24-909B9E52FDE6}
	EndGlobalSection
EndGlobal
